
Microsoft Visual Studio Solution File, Format Version 12.00
# Visual Studio Version 16
VisualStudioVersion = 16.0.30621.155
MinimumVisualStudioVersion = 10.0.40219.1
Project("{FAE04EC0-301F-11D3-BF4B-00C04F79EFBC}") = "SalaryCalc", "SalaryCalc\SalaryCalc.csproj", "{C12BC3FE-4068-4F80-A7E4-99AAC9FE20DB}"
EndProject
Global
	GlobalSection(SolutionConfigurationPlatforms) = preSolution
		Debug|Any CPU = Debug|Any CPU
		Release|Any CPU = Release|Any CPU
	EndGlobalSection
	GlobalSection(ProjectConfigurationPlatforms) = postSolution
		{C12BC3FE-4068-4F80-A7E4-99AAC9FE20DB}.Debug|Any CPU.ActiveCfg = Debug|Any CPU
		{C12BC3FE-4068-4F80-A7E4-99AAC9FE20DB}.Debug|Any CPU.Build.0 = Debug|Any CPU
		{C12BC3FE-4068-4F80-A7E4-99AAC9FE20DB}.Release|Any CPU.ActiveCfg = Release|Any CPU
		{C12BC3FE-4068-4F80-A7E4-99AAC9FE20DB}.Release|Any CPU.Build.0 = Release|Any CPU
	EndGlobalSection
	GlobalSection(SolutionProperties) = preSolution
		HideSolutionNode = FALSE
	EndGlobalSection
	GlobalSection(ExtensibilityGlobals) = postSolution
		SolutionGuid = {3941BD50-57B2-4EF6-B471-DF0DA190344E}
	EndGlobalSection
EndGlobal
